<Solution>
  <Folder Name="/src/">
    <Project Path="src/SpecEnforcer/SpecEnforcer.csproj" />
  </Folder>
  <Folder Name="/tests/">
    <Project Path="tests/SpecEnforcer.Tests/SpecEnforcer.Tests.csproj" />
  </Folder>
  <Folder Name="/examples/">
    <Project Path="examples/SampleApi/SampleApi.csproj" />
    <Project Path="examples/AdvancedSampleApi/AdvancedSampleApi.csproj" />
  </Folder>
</Solution>
